
Microsoft Visual Studio Solution File, Format Version 12.00
# Visual Studio Version 17
VisualStudioVersion = 17.0.31903.59
MinimumVisualStudioVersion = 10.0.40219.1
Project("{2150E333-8FDC-42A3-9474-1A3956D46DE8}") = "src", "src", "{05A1BEE1-9775-4F5D-8E0B-CEB795CABB99}"
EndProject
Project("{FAE04EC0-301F-11D3-BF4B-00C04F79EFBC}") = "ToDoAPI", "src\ToDoAPI\ToDoAPI.csproj", "{B12B90E3-718D-459A-97FD-B55D6C2A3538}"
EndProject
Project("{2150E333-8FDC-42A3-9474-1A3956D46DE8}") = "test", "test", "{115BFE6B-BBE4-4205-AB27-EFDCDF46AC8D}"
EndProject
Project("{FAE04EC0-301F-11D3-BF4B-00C04F79EFBC}") = "ToDoAPI.Tests", "test\ToDoAPI.Tests\ToDoAPI.Tests.csproj", "{DBE3D740-FC8A-43A5-967E-2697D9A2A3DD}"
EndProject
Global
	GlobalSection(SolutionConfigurationPlatforms) = preSolution
		Debug|Any CPU = Debug|Any CPU
		Release|Any CPU = Release|Any CPU
	EndGlobalSection
	GlobalSection(SolutionProperties) = preSolution
		HideSolutionNode = FALSE
	EndGlobalSection
	GlobalSection(ProjectConfigurationPlatforms) = postSolution
		{B12B90E3-718D-459A-97FD-B55D6C2A3538}.Debug|Any CPU.ActiveCfg = Debug|Any CPU
		{B12B90E3-718D-459A-97FD-B55D6C2A3538}.Debug|Any CPU.Build.0 = Debug|Any CPU
		{B12B90E3-718D-459A-97FD-B55D6C2A3538}.Release|Any CPU.ActiveCfg = Release|Any CPU
		{B12B90E3-718D-459A-97FD-B55D6C2A3538}.Release|Any CPU.Build.0 = Release|Any CPU
		{DBE3D740-FC8A-43A5-967E-2697D9A2A3DD}.Debug|Any CPU.ActiveCfg = Debug|Any CPU
		{DBE3D740-FC8A-43A5-967E-2697D9A2A3DD}.Debug|Any CPU.Build.0 = Debug|Any CPU
		{DBE3D740-FC8A-43A5-967E-2697D9A2A3DD}.Release|Any CPU.ActiveCfg = Release|Any CPU
		{DBE3D740-FC8A-43A5-967E-2697D9A2A3DD}.Release|Any CPU.Build.0 = Release|Any CPU
	EndGlobalSection
	GlobalSection(NestedProjects) = preSolution
		{B12B90E3-718D-459A-97FD-B55D6C2A3538} = {05A1BEE1-9775-4F5D-8E0B-CEB795CABB99}
		{DBE3D740-FC8A-43A5-967E-2697D9A2A3DD} = {115BFE6B-BBE4-4205-AB27-EFDCDF46AC8D}
	EndGlobalSection
EndGlobal
